
Microsoft Visual Studio Solution File, Format Version 12.00
# Visual Studio Version 17
VisualStudioVersion = 17.14.36616.10
MinimumVisualStudioVersion = 10.0.40219.1
Project("{FAE04EC0-301F-11D3-BF4B-00C04F79EFBC}") = "Common", "Common\Common.csproj", "{FE9B8C3D-660D-4C62-A72C-5A2C0A5BB357}"
EndProject
Project("{FAE04EC0-301F-11D3-BF4B-00C04F79EFBC}") = "DataAccess", "DataAccess\DataAccess.csproj", "{BF3BB7F5-B52D-4DB6-B0F2-A21B34B854E3}"
EndProject
Project("{FAE04EC0-301F-11D3-BF4B-00C04F79EFBC}") = "Presentation", "Presentation\Presentation.csproj", "{51F978C2-A9A6-441C-A2D2-EF9A4CADCE17}"
EndProject
Global
	GlobalSection(SolutionConfigurationPlatforms) = preSolution
		Debug|Any CPU = Debug|Any CPU
		Release|Any CPU = Release|Any CPU
	EndGlobalSection
	GlobalSection(ProjectConfigurationPlatforms) = postSolution
		{FE9B8C3D-660D-4C62-A72C-5A2C0A5BB357}.Debug|Any CPU.ActiveCfg = Debug|Any CPU
		{FE9B8C3D-660D-4C62-A72C-5A2C0A5BB357}.Debug|Any CPU.Build.0 = Debug|Any CPU
		{FE9B8C3D-660D-4C62-A72C-5A2C0A5BB357}.Release|Any CPU.ActiveCfg = Release|Any CPU
		{FE9B8C3D-660D-4C62-A72C-5A2C0A5BB357}.Release|Any CPU.Build.0 = Release|Any CPU
		{BF3BB7F5-B52D-4DB6-B0F2-A21B34B854E3}.Debug|Any CPU.ActiveCfg = Debug|Any CPU
		{BF3BB7F5-B52D-4DB6-B0F2-A21B34B854E3}.Debug|Any CPU.Build.0 = Debug|Any CPU
		{BF3BB7F5-B52D-4DB6-B0F2-A21B34B854E3}.Release|Any CPU.ActiveCfg = Release|Any CPU
		{BF3BB7F5-B52D-4DB6-B0F2-A21B34B854E3}.Release|Any CPU.Build.0 = Release|Any CPU
		{51F978C2-A9A6-441C-A2D2-EF9A4CADCE17}.Debug|Any CPU.ActiveCfg = Debug|Any CPU
		{51F978C2-A9A6-441C-A2D2-EF9A4CADCE17}.Debug|Any CPU.Build.0 = Debug|Any CPU
		{51F978C2-A9A6-441C-A2D2-EF9A4CADCE17}.Release|Any CPU.ActiveCfg = Release|Any CPU
		{51F978C2-A9A6-441C-A2D2-EF9A4CADCE17}.Release|Any CPU.Build.0 = Release|Any CPU
	EndGlobalSection
	GlobalSection(SolutionProperties) = preSolution
		HideSolutionNode = FALSE
	EndGlobalSection
	GlobalSection(ExtensibilityGlobals) = postSolution
		SolutionGuid = {C8A642C9-FA4A-4983-B397-A75DE3242E34}
	EndGlobalSection
EndGlobal
